<?xml version="1.0" encoding="utf-8"?>
<Project ToolsVersion="4.0" xmlns="http://schemas.microsoft.com/developer/msbuild/2003">
  <ItemGroup>
    <Filter Include="glew">
      <UniqueIdentifier>{249e559c-8ed8-4f74-b2df-b24d910da7da}</UniqueIdentifier>
    </Filter>
    <Filter Include="glfw">
      <UniqueIdentifier>{ec1bd252-855c-4831-8548-07e406686823}</UniqueIdentifier>
    </Filter>
    <Filter Include="nanovg">
      <UniqueIdentifier>{88afc47b-40c7-4a9a-be86-5ed4cd0a75e6}</UniqueIdentifier>
    </Filter>
    <Filter Include="imgui">
      <UniqueIdentifier>{6b0161a1-a1f1-4ed1-adc9-9f4599dc888c}</UniqueIdentifier>
    </Filter>
  </ItemGroup>
  <ItemGroup>
    <ClInclude Include="..\exts\glew\include\GL\eglew.h">
      <Filter>glew</Filter>
    </ClInclude>
    <ClInclude Include="..\exts\glew\include\GL\glew.h">
      <Filter>glew</Filter>
    </ClInclude>
    <ClInclude Include="..\exts\glew\include\GL\glxew.h">
      <Filter>glew</Filter>
    </ClInclude>
    <ClInclude Include="..\exts\glew\include\GL\wglew.h">
      <Filter>glew</Filter>
    </ClInclude>
    <ClInclude Include="..\exts\glfw\include\GLFW\glfw3.h">
      <Filter>glfw</Filter>
    </ClInclude>
    <ClInclude Include="..\exts\glfw\include\GLFW\glfw3native.h">
      <Filter>glfw</Filter>
    </ClInclude>
    <ClInclude Include="..\exts\glfw\src\internal.h">
      <Filter>glfw</Filter>
    </ClInclude>
    <ClInclude Include="..\exts\glfw\src\wgl_context.h">
      <Filter>glfw</Filter>
    </ClInclude>
    <ClInclude Include="..\exts\glfw\src\win32_joystick.h">
      <Filter>glfw</Filter>
    </ClInclude>
    <ClInclude Include="..\exts\glfw\src\win32_platform.h">
      <Filter>glfw</Filter>
    </ClInclude>
    <ClInclude Include="..\exts\nanovg\src\fontstash.h">
      <Filter>nanovg</Filter>
    </ClInclude>
    <ClInclude Include="..\exts\nanovg\src\nanovg.h">
      <Filter>nanovg</Filter>
    </ClInclude>
    <ClInclude Include="..\exts\nanovg\src\nanovg_gl.h">
      <Filter>nanovg</Filter>
    </ClInclude>
    <ClInclude Include="..\exts\nanovg\src\nanovg_gl_utils.h">
      <Filter>nanovg</Filter>
    </ClInclude>
    <ClInclude Include="..\exts\nanovg\src\stb_image.h">
      <Filter>nanovg</Filter>
    </ClInclude>
    <ClInclude Include="..\exts\nanovg\src\stb_truetype.h">
      <Filter>nanovg</Filter>
    </ClInclude>
    <ClInclude Include="..\exts\imgui\imgui.h">
      <Filter>imgui</Filter>
    </ClInclude>
    <ClInclude Include="..\exts\imgui\imgui_internal.h">
      <Filter>imgui</Filter>
    </ClInclude>
    <ClInclude Include="..\exts\imgui\examples\opengl3_example\imgui_impl_glfw_gl3.h">
      <Filter>imgui</Filter>
    </ClInclude>
  </ItemGroup>
  <ItemGroup>
    <ClCompile Include="..\exts\glew\src\glew.c">
      <Filter>glew</Filter>
    </ClCompile>
    <ClCompile Include="..\exts\glfw\src\context.c">
      <Filter>glfw</Filter>
    </ClCompile>
    <ClCompile Include="..\exts\glfw\src\egl_context.c">
      <Filter>glfw</Filter>
    </ClCompile>
    <ClCompile Include="..\exts\glfw\src\init.c">
      <Filter>glfw</Filter>
    </ClCompile>
    <ClCompile Include="..\exts\glfw\src\input.c">
      <Filter>glfw</Filter>
    </ClCompile>
    <ClCompile Include="..\exts\glfw\src\monitor.c">
      <Filter>glfw</Filter>
    </ClCompile>
    <ClCompile Include="..\exts\glfw\src\vulkan.c">
      <Filter>glfw</Filter>
    </ClCompile>
    <ClCompile Include="..\exts\glfw\src\wgl_context.c">
      <Filter>glfw</Filter>
    </ClCompile>
    <ClCompile Include="..\exts\glfw\src\win32_init.c">
      <Filter>glfw</Filter>
    </ClCompile>
    <ClCompile Include="..\exts\glfw\src\win32_joystick.c">
      <Filter>glfw</Filter>
    </ClCompile>
    <ClCompile Include="..\exts\glfw\src\win32_monitor.c">
      <Filter>glfw</Filter>
    </ClCompile>
    <ClCompile Include="..\exts\glfw\src\win32_time.c">
      <Filter>glfw</Filter>
    </ClCompile>
    <ClCompile Include="..\exts\glfw\src\win32_tls.c">
      <Filter>glfw</Filter>
    </ClCompile>
    <ClCompile Include="..\exts\glfw\src\win32_window.c">
      <Filter>glfw</Filter>
    </ClCompile>
    <ClCompile Include="..\exts\glfw\src\window.c">
      <Filter>glfw</Filter>
    </ClCompile>
    <ClCompile Include="..\exts\nanovg\src\nanovg.c">
      <Filter>nanovg</Filter>
    </ClCompile>
    <ClCompile Include="..\exts\imgui\imgui.cpp">
      <Filter>imgui</Filter>
    </ClCompile>
    <ClCompile Include="..\exts\imgui\imgui_demo.cpp">
      <Filter>imgui</Filter>
    </ClCompile>
    <ClCompile Include="..\exts\imgui\imgui_draw.cpp">
      <Filter>imgui</Filter>
    </ClCompile>
    <ClCompile Include="..\exts\imgui\examples\opengl3_example\imgui_impl_glfw_gl3.cpp">
      <Filter>imgui</Filter>
    </ClCompile>
  </ItemGroup>
</Project>